
Microsoft Visual Studio Solution File, Format Version 12.00
# Visual Studio Version 17
VisualStudioVersion = 17.0.32014.148
MinimumVisualStudioVersion = 10.0.40219.1
Project("{9A19103F-16F7-4668-BE54-9A1E7A4F7556}") = "Warpstone", "Warpstone\Warpstone.csproj", "{5F8EFC87-E8A4-464E-909A-C001203A7603}"
EndProject
Project("{9A19103F-16F7-4668-BE54-9A1E7A4F7556}") = "Warpstone.Tests", "Warpstone.Tests\Warpstone.Tests.csproj", "{A81E1B83-5552-40F4-BEFC-F4F180F7484D}"
EndProject
Project("{9A19103F-16F7-4668-BE54-9A1E7A4F7556}") = "Warpstone.Sandbox", "Warpstone.Sandbox\Warpstone.Sandbox.csproj", "{20492752-93BB-4472-A20D-AB32E10C485C}"
EndProject
Project("{2150E333-8FDC-42A3-9474-1A3956D46DE8}") = "Solution Items", "Solution Items", "{F765A0D5-384E-46D4-A3A8-9625E365C8C2}"
	ProjectSection(SolutionItems) = preProject
		.editorconfig = .editorconfig
		benchmarks.props = benchmarks.props
		common.props = common.props
		Directory.Packages.props = Directory.Packages.props
		executable.props = executable.props
		package.props = package.props
		..\README.md = ..\README.md
		tests.props = tests.props
		..\.github\workflows\tests.yaml = ..\.github\workflows\tests.yaml
	EndProjectSection
EndProject
Project("{FAE04EC0-301F-11D3-BF4B-00C04F79EFBC}") = "Warpstone.Benchmarks", "Warpstone.Benchmarks\Warpstone.Benchmarks.csproj", "{9CCD8A5D-03F4-473D-A958-4605EAEE3115}"
EndProject
Global
	GlobalSection(SolutionConfigurationPlatforms) = preSolution
		Debug|Any CPU = Debug|Any CPU
		Release|Any CPU = Release|Any CPU
	EndGlobalSection
	GlobalSection(ProjectConfigurationPlatforms) = postSolution
		{5F8EFC87-E8A4-464E-909A-C001203A7603}.Debug|Any CPU.ActiveCfg = Debug|Any CPU
		{5F8EFC87-E8A4-464E-909A-C001203A7603}.Debug|Any CPU.Build.0 = Debug|Any CPU
		{5F8EFC87-E8A4-464E-909A-C001203A7603}.Release|Any CPU.ActiveCfg = Release|Any CPU
		{5F8EFC87-E8A4-464E-909A-C001203A7603}.Release|Any CPU.Build.0 = Release|Any CPU
		{A81E1B83-5552-40F4-BEFC-F4F180F7484D}.Debug|Any CPU.ActiveCfg = Debug|Any CPU
		{A81E1B83-5552-40F4-BEFC-F4F180F7484D}.Debug|Any CPU.Build.0 = Debug|Any CPU
		{A81E1B83-5552-40F4-BEFC-F4F180F7484D}.Release|Any CPU.ActiveCfg = Release|Any CPU
		{A81E1B83-5552-40F4-BEFC-F4F180F7484D}.Release|Any CPU.Build.0 = Release|Any CPU
		{20492752-93BB-4472-A20D-AB32E10C485C}.Debug|Any CPU.ActiveCfg = Debug|Any CPU
		{20492752-93BB-4472-A20D-AB32E10C485C}.Debug|Any CPU.Build.0 = Debug|Any CPU
		{20492752-93BB-4472-A20D-AB32E10C485C}.Release|Any CPU.ActiveCfg = Release|Any CPU
		{20492752-93BB-4472-A20D-AB32E10C485C}.Release|Any CPU.Build.0 = Release|Any CPU
		{9CCD8A5D-03F4-473D-A958-4605EAEE3115}.Debug|Any CPU.ActiveCfg = Debug|Any CPU
		{9CCD8A5D-03F4-473D-A958-4605EAEE3115}.Debug|Any CPU.Build.0 = Debug|Any CPU
		{9CCD8A5D-03F4-473D-A958-4605EAEE3115}.Release|Any CPU.ActiveCfg = Release|Any CPU
		{9CCD8A5D-03F4-473D-A958-4605EAEE3115}.Release|Any CPU.Build.0 = Release|Any CPU
	EndGlobalSection
	GlobalSection(SolutionProperties) = preSolution
		HideSolutionNode = FALSE
	EndGlobalSection
	GlobalSection(ExtensibilityGlobals) = postSolution
		SolutionGuid = {543B2CD5-02AB-4379-9D7F-045CA7223CC4}
	EndGlobalSection
EndGlobal
