
Microsoft Visual Studio Solution File, Format Version 12.00
# Visual Studio Version 16
VisualStudioVersion = 16.0.28803.452
MinimumVisualStudioVersion = 10.0.40219.1
Project("{FAE04EC0-301F-11D3-BF4B-00C04F79EFBC}") = "Warpstone", "Warpstone\Warpstone.csproj", "{5F8EFC87-E8A4-464E-909A-C001203A7603}"
EndProject
Global
	GlobalSection(SolutionConfigurationPlatforms) = preSolution
		Debug|Any CPU = Debug|Any CPU
		Release|Any CPU = Release|Any CPU
	EndGlobalSection
	GlobalSection(ProjectConfigurationPlatforms) = postSolution
		{5F8EFC87-E8A4-464E-909A-C001203A7603}.Debug|Any CPU.ActiveCfg = Debug|Any CPU
		{5F8EFC87-E8A4-464E-909A-C001203A7603}.Debug|Any CPU.Build.0 = Debug|Any CPU
		{5F8EFC87-E8A4-464E-909A-C001203A7603}.Release|Any CPU.ActiveCfg = Release|Any CPU
		{5F8EFC87-E8A4-464E-909A-C001203A7603}.Release|Any CPU.Build.0 = Release|Any CPU
	EndGlobalSection
	GlobalSection(SolutionProperties) = preSolution
		HideSolutionNode = FALSE
	EndGlobalSection
	GlobalSection(ExtensibilityGlobals) = postSolution
		SolutionGuid = {543B2CD5-02AB-4379-9D7F-045CA7223CC4}
	EndGlobalSection
EndGlobal
