
Microsoft Visual Studio Solution File, Format Version 12.00
# Visual Studio Version 17
VisualStudioVersion = 17.0.32014.148
MinimumVisualStudioVersion = 10.0.40219.1
Project("{9A19103F-16F7-4668-BE54-9A1E7A4F7556}") = "Warpstone", "Warpstone\Warpstone.csproj", "{5F8EFC87-E8A4-464E-909A-C001203A7603}"
EndProject
Project("{9A19103F-16F7-4668-BE54-9A1E7A4F7556}") = "Warpstone.Examples.Json", "Warpstone.Examples.Json\Warpstone.Examples.Json.csproj", "{A3FDF5EC-C2CD-4A85-8021-CBEC5E470B7E}"
EndProject
Project("{9A19103F-16F7-4668-BE54-9A1E7A4F7556}") = "Warpstone.Examples.Expressions", "Warpstone.Examples.Expressions\Warpstone.Examples.Expressions.csproj", "{052BBEBD-11BE-4316-94F8-261DDD0D77A3}"
EndProject
Project("{9A19103F-16F7-4668-BE54-9A1E7A4F7556}") = "Warpstone.Tests", "Warpstone.Tests\Warpstone.Tests.csproj", "{A81E1B83-5552-40F4-BEFC-F4F180F7484D}"
EndProject
Project("{9A19103F-16F7-4668-BE54-9A1E7A4F7556}") = "Warpstone.Grammars", "Warpstone.Grammars\Warpstone.Grammars.csproj", "{FA1723CE-13CA-4052-952D-B66B17F3A440}"
EndProject
Project("{9A19103F-16F7-4668-BE54-9A1E7A4F7556}") = "Warpstone.Sandbox", "Warpstone.Sandbox\Warpstone.Sandbox.csproj", "{20492752-93BB-4472-A20D-AB32E10C485C}"
EndProject
Project("{9A19103F-16F7-4668-BE54-9A1E7A4F7556}") = "Warpstone.V1", "Warpstone.V1\Warpstone.V1.csproj", "{36EFBE59-9C95-490D-B1C3-72FD18405153}"
EndProject
Project("{2150E333-8FDC-42A3-9474-1A3956D46DE8}") = "Solution Items", "Solution Items", "{F765A0D5-384E-46D4-A3A8-9625E365C8C2}"
	ProjectSection(SolutionItems) = preProject
		.editorconfig = .editorconfig
		benchmarks.props = benchmarks.props
		common.props = common.props
		executable.props = executable.props
		package.props = package.props
		tests.props = tests.props
	EndProjectSection
EndProject
Global
	GlobalSection(SolutionConfigurationPlatforms) = preSolution
		Debug|Any CPU = Debug|Any CPU
		Release|Any CPU = Release|Any CPU
	EndGlobalSection
	GlobalSection(ProjectConfigurationPlatforms) = postSolution
		{5F8EFC87-E8A4-464E-909A-C001203A7603}.Debug|Any CPU.ActiveCfg = Debug|Any CPU
		{5F8EFC87-E8A4-464E-909A-C001203A7603}.Debug|Any CPU.Build.0 = Debug|Any CPU
		{5F8EFC87-E8A4-464E-909A-C001203A7603}.Release|Any CPU.ActiveCfg = Release|Any CPU
		{5F8EFC87-E8A4-464E-909A-C001203A7603}.Release|Any CPU.Build.0 = Release|Any CPU
		{A3FDF5EC-C2CD-4A85-8021-CBEC5E470B7E}.Debug|Any CPU.ActiveCfg = Debug|Any CPU
		{A3FDF5EC-C2CD-4A85-8021-CBEC5E470B7E}.Debug|Any CPU.Build.0 = Debug|Any CPU
		{A3FDF5EC-C2CD-4A85-8021-CBEC5E470B7E}.Release|Any CPU.ActiveCfg = Release|Any CPU
		{A3FDF5EC-C2CD-4A85-8021-CBEC5E470B7E}.Release|Any CPU.Build.0 = Release|Any CPU
		{052BBEBD-11BE-4316-94F8-261DDD0D77A3}.Debug|Any CPU.ActiveCfg = Debug|Any CPU
		{052BBEBD-11BE-4316-94F8-261DDD0D77A3}.Debug|Any CPU.Build.0 = Debug|Any CPU
		{052BBEBD-11BE-4316-94F8-261DDD0D77A3}.Release|Any CPU.ActiveCfg = Release|Any CPU
		{052BBEBD-11BE-4316-94F8-261DDD0D77A3}.Release|Any CPU.Build.0 = Release|Any CPU
		{A81E1B83-5552-40F4-BEFC-F4F180F7484D}.Debug|Any CPU.ActiveCfg = Debug|Any CPU
		{A81E1B83-5552-40F4-BEFC-F4F180F7484D}.Debug|Any CPU.Build.0 = Debug|Any CPU
		{A81E1B83-5552-40F4-BEFC-F4F180F7484D}.Release|Any CPU.ActiveCfg = Release|Any CPU
		{A81E1B83-5552-40F4-BEFC-F4F180F7484D}.Release|Any CPU.Build.0 = Release|Any CPU
		{FA1723CE-13CA-4052-952D-B66B17F3A440}.Debug|Any CPU.ActiveCfg = Debug|Any CPU
		{FA1723CE-13CA-4052-952D-B66B17F3A440}.Debug|Any CPU.Build.0 = Debug|Any CPU
		{FA1723CE-13CA-4052-952D-B66B17F3A440}.Release|Any CPU.ActiveCfg = Release|Any CPU
		{FA1723CE-13CA-4052-952D-B66B17F3A440}.Release|Any CPU.Build.0 = Release|Any CPU
		{20492752-93BB-4472-A20D-AB32E10C485C}.Debug|Any CPU.ActiveCfg = Debug|Any CPU
		{20492752-93BB-4472-A20D-AB32E10C485C}.Debug|Any CPU.Build.0 = Debug|Any CPU
		{20492752-93BB-4472-A20D-AB32E10C485C}.Release|Any CPU.ActiveCfg = Release|Any CPU
		{20492752-93BB-4472-A20D-AB32E10C485C}.Release|Any CPU.Build.0 = Release|Any CPU
		{36EFBE59-9C95-490D-B1C3-72FD18405153}.Debug|Any CPU.ActiveCfg = Debug|Any CPU
		{36EFBE59-9C95-490D-B1C3-72FD18405153}.Debug|Any CPU.Build.0 = Debug|Any CPU
		{36EFBE59-9C95-490D-B1C3-72FD18405153}.Release|Any CPU.ActiveCfg = Release|Any CPU
		{36EFBE59-9C95-490D-B1C3-72FD18405153}.Release|Any CPU.Build.0 = Release|Any CPU
	EndGlobalSection
	GlobalSection(SolutionProperties) = preSolution
		HideSolutionNode = FALSE
	EndGlobalSection
	GlobalSection(ExtensibilityGlobals) = postSolution
		SolutionGuid = {543B2CD5-02AB-4379-9D7F-045CA7223CC4}
	EndGlobalSection
EndGlobal
